
Microsoft Visual Studio Solution File, Format Version 12.00
# Visual Studio Version 17
VisualStudioVersion = 17.3.32825.248
MinimumVisualStudioVersion = 10.0.40219.1
Project("{FAE04EC0-301F-11D3-BF4B-00C04F79EFBC}") = "Workers management.API", "Workers management.API\Workers management.API.csproj", "{A16628A1-5A92-43AE-ABD4-DBEA9BDC451A}"
EndProject
Project("{FAE04EC0-301F-11D3-BF4B-00C04F79EFBC}") = "Workers management.Core", "Workers management.Core\Workers management.Core.csproj", "{D2215D8C-F720-4CE3-9DDB-E39D80A30527}"
EndProject
Project("{FAE04EC0-301F-11D3-BF4B-00C04F79EFBC}") = "Workers management.Data", "Workers management.Data\Workers management.Data.csproj", "{61BD707B-3DF4-49DD-85C4-BADBFCADCCCE}"
EndProject
Project("{FAE04EC0-301F-11D3-BF4B-00C04F79EFBC}") = "Workers management.Service", "Workers management.Service\Workers management.Service.csproj", "{C79BBFB3-6678-4645-A615-A4109DD31E53}"
EndProject
Global
	GlobalSection(SolutionConfigurationPlatforms) = preSolution
		Debug|Any CPU = Debug|Any CPU
		Release|Any CPU = Release|Any CPU
	EndGlobalSection
	GlobalSection(ProjectConfigurationPlatforms) = postSolution
		{A16628A1-5A92-43AE-ABD4-DBEA9BDC451A}.Debug|Any CPU.ActiveCfg = Debug|Any CPU
		{A16628A1-5A92-43AE-ABD4-DBEA9BDC451A}.Debug|Any CPU.Build.0 = Debug|Any CPU
		{A16628A1-5A92-43AE-ABD4-DBEA9BDC451A}.Release|Any CPU.ActiveCfg = Release|Any CPU
		{A16628A1-5A92-43AE-ABD4-DBEA9BDC451A}.Release|Any CPU.Build.0 = Release|Any CPU
		{D2215D8C-F720-4CE3-9DDB-E39D80A30527}.Debug|Any CPU.ActiveCfg = Debug|Any CPU
		{D2215D8C-F720-4CE3-9DDB-E39D80A30527}.Debug|Any CPU.Build.0 = Debug|Any CPU
		{D2215D8C-F720-4CE3-9DDB-E39D80A30527}.Release|Any CPU.ActiveCfg = Release|Any CPU
		{D2215D8C-F720-4CE3-9DDB-E39D80A30527}.Release|Any CPU.Build.0 = Release|Any CPU
		{61BD707B-3DF4-49DD-85C4-BADBFCADCCCE}.Debug|Any CPU.ActiveCfg = Debug|Any CPU
		{61BD707B-3DF4-49DD-85C4-BADBFCADCCCE}.Debug|Any CPU.Build.0 = Debug|Any CPU
		{61BD707B-3DF4-49DD-85C4-BADBFCADCCCE}.Release|Any CPU.ActiveCfg = Release|Any CPU
		{61BD707B-3DF4-49DD-85C4-BADBFCADCCCE}.Release|Any CPU.Build.0 = Release|Any CPU
		{C79BBFB3-6678-4645-A615-A4109DD31E53}.Debug|Any CPU.ActiveCfg = Debug|Any CPU
		{C79BBFB3-6678-4645-A615-A4109DD31E53}.Debug|Any CPU.Build.0 = Debug|Any CPU
		{C79BBFB3-6678-4645-A615-A4109DD31E53}.Release|Any CPU.ActiveCfg = Release|Any CPU
		{C79BBFB3-6678-4645-A615-A4109DD31E53}.Release|Any CPU.Build.0 = Release|Any CPU
	EndGlobalSection
	GlobalSection(SolutionProperties) = preSolution
		HideSolutionNode = FALSE
	EndGlobalSection
	GlobalSection(ExtensibilityGlobals) = postSolution
		SolutionGuid = {E966DA2E-82D5-4921-B9E5-396DD743F76A}
	EndGlobalSection
EndGlobal
